// !$*UTF8*$!
{
	archiveVersion = 1;
	classes = {
	};
	objectVersion = 50;
	objects = {

/* Begin PBXBuildFile section */
		954C7197263F973700406103 /* AppDelegate.swift in Sources */ = {isa = PBXBuildFile; fileRef = 954C7196263F973700406103 /* AppDelegate.swift */; };
		954C7199263F973700406103 /* SceneDelegate.swift in Sources */ = {isa = PBXBuildFile; fileRef = 954C7198263F973700406103 /* SceneDelegate.swift */; };
		954C719B263F973700406103 /* ViewController.swift in Sources */ = {isa = PBXBuildFile; fileRef = 954C719A263F973700406103 /* ViewController.swift */; };
		954C719E263F973700406103 /* Main.storyboard in Resources */ = {isa = PBXBuildFile; fileRef = 954C719C263F973700406103 /* Main.storyboard */; };
		954C71A0263F973E00406103 /* Assets.xcassets in Resources */ = {isa = PBXBuildFile; fileRef = 954C719F263F973E00406103 /* Assets.xcassets */; };
		954C71A3263F973E00406103 /* LaunchScreen.storyboard in Resources */ = {isa = PBXBuildFile; fileRef = 954C71A1263F973E00406103 /* LaunchScreen.storyboard */; };
		954C71AD263F975D00406103 /* SWRevealViewController.m in Sources */ = {isa = PBXBuildFile; fileRef = 954C71AB263F975D00406103 /* SWRevealViewController.m */; };
		954C71B0263F987100406103 /* sidemenu.png in Resources */ = {isa = PBXBuildFile; fileRef = 954C71AF263F987100406103 /* sidemenu.png */; };
		954C71B2263F98AD00406103 /* FrontViewController.swift in Sources */ = {isa = PBXBuildFile; fileRef = 954C71B1263F98AD00406103 /* FrontViewController.swift */; };
/* End PBXBuildFile section */

/* Begin PBXFileReference section */
		954C7193263F973700406103 /* Chapter04-SideBar.app */ = {isa = PBXFileReference; explicitFileType = wrapper.application; includeInIndex = 0; path = "Chapter04-SideBar.app"; sourceTree = BUILT_PRODUCTS_DIR; };
		954C7196263F973700406103 /* AppDelegate.swift */ = {isa = PBXFileReference; lastKnownFileType = sourcecode.swift; path = AppDelegate.swift; sourceTree = "<group>"; };
		954C7198263F973700406103 /* SceneDelegate.swift */ = {isa = PBXFileReference; lastKnownFileType = sourcecode.swift; path = SceneDelegate.swift; sourceTree = "<group>"; };
		954C719A263F973700406103 /* ViewController.swift */ = {isa = PBXFileReference; lastKnownFileType = sourcecode.swift; path = ViewController.swift; sourceTree = "<group>"; };
		954C719D263F973700406103 /* Base */ = {isa = PBXFileReference; lastKnownFileType = file.storyboard; name = Base; path = Base.lproj/Main.storyboard; sourceTree = "<group>"; };
		954C719F263F973E00406103 /* Assets.xcassets */ = {isa = PBXFileReference; lastKnownFileType = folder.assetcatalog; path = Assets.xcassets; sourceTree = "<group>"; };
		954C71A2263F973E00406103 /* Base */ = {isa = PBXFileReference; lastKnownFileType = file.storyboard; name = Base; path = Base.lproj/LaunchScreen.storyboard; sourceTree = "<group>"; };
		954C71A4263F973E00406103 /* Info.plist */ = {isa = PBXFileReference; lastKnownFileType = text.plist.xml; path = Info.plist; sourceTree = "<group>"; };
		954C71AA263F975C00406103 /* Bridging-Header.h */ = {isa = PBXFileReference; lastKnownFileType = sourcecode.c.h; path = "Bridging-Header.h"; sourceTree = "<group>"; };
		954C71AB263F975D00406103 /* SWRevealViewController.m */ = {isa = PBXFileReference; fileEncoding = 4; lastKnownFileType = sourcecode.c.objc; path = SWRevealViewController.m; sourceTree = "<group>"; };
		954C71AC263F975D00406103 /* SWRevealViewController.h */ = {isa = PBXFileReference; fileEncoding = 4; lastKnownFileType = sourcecode.c.h; path = SWRevealViewController.h; sourceTree = "<group>"; };
		954C71AF263F987100406103 /* sidemenu.png */ = {isa = PBXFileReference; lastKnownFileType = image.png; path = sidemenu.png; sourceTree = "<group>"; };
		954C71B1263F98AD00406103 /* FrontViewController.swift */ = {isa = PBXFileReference; lastKnownFileType = sourcecode.swift; path = FrontViewController.swift; sourceTree = "<group>"; };
/* End PBXFileReference section */

/* Begin PBXFrameworksBuildPhase section */
		954C7190263F973700406103 /* Frameworks */ = {
			isa = PBXFrameworksBuildPhase;
			buildActionMask = 2147483647;
			files = (
			);
			runOnlyForDeploymentPostprocessing = 0;
		};
/* End PBXFrameworksBuildPhase section */

/* Begin PBXGroup section */
		954C718A263F973700406103 = {
			isa = PBXGroup;
			children = (
				954C71AE263F986100406103 /*  Resources */,
				954C7195263F973700406103 /* Chapter04-SideBar */,
				954C7194263F973700406103 /* Products */,
			);
			sourceTree = "<group>";
		};
		954C7194263F973700406103 /* Products */ = {
			isa = PBXGroup;
			children = (
				954C7193263F973700406103 /* Chapter04-SideBar.app */,
			);
			name = Products;
			sourceTree = "<group>";
		};
		954C7195263F973700406103 /* Chapter04-SideBar */ = {
			isa = PBXGroup;
			children = (
				954C71AC263F975D00406103 /* SWRevealViewController.h */,
				954C71AB263F975D00406103 /* SWRevealViewController.m */,
				954C71AA263F975C00406103 /* Bridging-Header.h */,
				954C7196263F973700406103 /* AppDelegate.swift */,
				954C7198263F973700406103 /* SceneDelegate.swift */,
				954C719A263F973700406103 /* ViewController.swift */,
				954C719C263F973700406103 /* Main.storyboard */,
				954C719F263F973E00406103 /* Assets.xcassets */,
				954C71A1263F973E00406103 /* LaunchScreen.storyboard */,
				954C71A4263F973E00406103 /* Info.plist */,
				954C71B1263F98AD00406103 /* FrontViewController.swift */,
			);
			path = "Chapter04-SideBar";
			sourceTree = "<group>";
		};
		954C71AE263F986100406103 /*  Resources */ = {
			isa = PBXGroup;
			children = (
				954C71AF263F987100406103 /* sidemenu.png */,
			);
			path = " Resources";
			sourceTree = "<group>";
		};
/* End PBXGroup section */

/* Begin PBXNativeTarget section */
		954C7192263F973700406103 /* Chapter04-SideBar */ = {
			isa = PBXNativeTarget;
			buildConfigurationList = 954C71A7263F973E00406103 /* Build configuration list for PBXNativeTarget "Chapter04-SideBar" */;
			buildPhases = (
				954C718F263F973700406103 /* Sources */,
				954C7190263F973700406103 /* Frameworks */,
				954C7191263F973700406103 /* Resources */,
			);
			buildRules = (
			);
			dependencies = (
			);
			name = "Chapter04-SideBar";
			productName = "Chapter04-SideBar";
			productReference = 954C7193263F973700406103 /* Chapter04-SideBar.app */;
			productType = "com.apple.product-type.application";
		};
/* End PBXNativeTarget section */

/* Begin PBXProject section */
		954C718B263F973700406103 /* Project object */ = {
			isa = PBXProject;
			attributes = {
				LastSwiftUpdateCheck = 1250;
				LastUpgradeCheck = 1250;
				TargetAttributes = {
					954C7192263F973700406103 = {
						CreatedOnToolsVersion = 12.5;
						LastSwiftMigration = 1250;
					};
				};
			};
			buildConfigurationList = 954C718E263F973700406103 /* Build configuration list for PBXProject "Chapter04-SideBar" */;
			compatibilityVersion = "Xcode 9.3";
			developmentRegion = en;
			hasScannedForEncodings = 0;
			knownRegions = (
				en,
				Base,
			);
			mainGroup = 954C718A263F973700406103;
			productRefGroup = 954C7194263F973700406103 /* Products */;
			projectDirPath = "";
			projectRoot = "";
			targets = (
				954C7192263F973700406103 /* Chapter04-SideBar */,
			);
		};
/* End PBXProject section */

/* Begin PBXResourcesBuildPhase section */
		954C7191263F973700406103 /* Resources */ = {
			isa = PBXResourcesBuildPhase;
			buildActionMask = 2147483647;
			files = (
				954C71A3263F973E00406103 /* LaunchScreen.storyboard in Resources */,
				954C71B0263F987100406103 /* sidemenu.png in Resources */,
				954C71A0263F973E00406103 /* Assets.xcassets in Resources */,
				954C719E263F973700406103 /* Main.storyboard in Resources */,
			);
			runOnlyForDeploymentPostprocessing = 0;
		};
/* End PBXResourcesBuildPhase section */

/* Begin PBXSourcesBuildPhase section */
		954C718F263F973700406103 /* Sources */ = {
			isa = PBXSourcesBuildPhase;
			buildActionMask = 2147483647;
			files = (
				954C719B263F973700406103 /* ViewController.swift in Sources */,
				954C7197263F973700406103 /* AppDelegate.swift in Sources */,
				954C71B2263F98AD00406103 /* FrontViewController.swift in Sources */,
				954C7199263F973700406103 /* SceneDelegate.swift in Sources */,
				954C71AD263F975D00406103 /* SWRevealViewController.m in Sources */,
			);
			runOnlyForDeploymentPostprocessing = 0;
		};
/* End PBXSourcesBuildPhase section */

/* Begin PBXVariantGroup section */
		954C719C263F973700406103 /* Main.storyboard */ = {
			isa = PBXVariantGroup;
			children = (
				954C719D263F973700406103 /* Base */,
			);
			name = Main.storyboard;
			sourceTree = "<group>";
		};
		954C71A1263F973E00406103 /* LaunchScreen.storyboard */ = {
			isa = PBXVariantGroup;
			children = (
				954C71A2263F973E00406103 /* Base */,
			);
			name = LaunchScreen.storyboard;
			sourceTree = "<group>";
		};
/* End PBXVariantGroup section */

/* Begin XCBuildConfiguration section */
		954C71A5263F973E00406103 /* Debug */ = {
			isa = XCBuildConfiguration;
			buildSettings = {
				ALWAYS_SEARCH_USER_PATHS = NO;
				CLANG_ANALYZER_NONNULL = YES;
				CLANG_ANALYZER_NUMBER_OBJECT_CONVERSION = YES_AGGRESSIVE;
				CLANG_CXX_LANGUAGE_STANDARD = "gnu++14";
				CLANG_CXX_LIBRARY = "libc++";
				CLANG_ENABLE_MODULES = YES;
				CLANG_ENABLE_OBJC_ARC = YES;
				CLANG_ENABLE_OBJC_WEAK = YES;
				CLANG_WARN_BLOCK_CAPTURE_AUTORELEASING = YES;
				CLANG_WARN_BOOL_CONVERSION = YES;
				CLANG_WARN_COMMA = YES;
				CLANG_WARN_CONSTANT_CONVERSION = YES;
				CLANG_WARN_DEPRECATED_OBJC_IMPLEMENTATIONS = YES;
				CLANG_WARN_DIRECT_OBJC_ISA_USAGE = YES_ERROR;
				CLANG_WARN_DOCUMENTATION_COMMENTS = YES;
				CLANG_WARN_EMPTY_BODY = YES;
				CLANG_WARN_ENUM_CONVERSION = YES;
				CLANG_WARN_INFINITE_RECURSION = YES;
				CLANG_WARN_INT_CONVERSION = YES;
				CLANG_WARN_NON_LITERAL_NULL_CONVERSION = YES;
				CLANG_WARN_OBJC_IMPLICIT_RETAIN_SELF = YES;
				CLANG_WARN_OBJC_LITERAL_CONVERSION = YES;
				CLANG_WARN_OBJC_ROOT_CLASS = YES_ERROR;
				CLANG_WARN_QUOTED_INCLUDE_IN_FRAMEWORK_HEADER = YES;
				CLANG_WARN_RANGE_LOOP_ANALYSIS = YES;
				CLANG_WARN_STRICT_PROTOTYPES = YES;
				CLANG_WARN_SUSPICIOUS_MOVE = YES;
				CLANG_WARN_UNGUARDED_AVAILABILITY = YES_AGGRESSIVE;
				CLANG_WARN_UNREACHABLE_CODE = YES;
				CLANG_WARN__DUPLICATE_METHOD_MATCH = YES;
				COPY_PHASE_STRIP = NO;
				DEBUG_INFORMATION_FORMAT = dwarf;
				ENABLE_STRICT_OBJC_MSGSEND = YES;
				ENABLE_TESTABILITY = YES;
				GCC_C_LANGUAGE_STANDARD = gnu11;
				GCC_DYNAMIC_NO_PIC = NO;
				GCC_NO_COMMON_BLOCKS = YES;
				GCC_OPTIMIZATION_LEVEL = 0;
				GCC_PREPROCESSOR_DEFINITIONS = (
					"DEBUG=1",
					"$(inherited)",
				);
				GCC_WARN_64_TO_32_BIT_CONVERSION = YES;
				GCC_WARN_ABOUT_RETURN_TYPE = YES_ERROR;
				GCC_WARN_UNDECLARED_SELECTOR = YES;
				GCC_WARN_UNINITIALIZED_AUTOS = YES_AGGRESSIVE;
				GCC_WARN_UNUSED_FUNCTION = YES;
				GCC_WARN_UNUSED_VARIABLE = YES;
				IPHONEOS_DEPLOYMENT_TARGET = 14.5;
				MTL_ENABLE_DEBUG_INFO = INCLUDE_SOURCE;
				MTL_FAST_MATH = YES;
				ONLY_ACTIVE_ARCH = YES;
				SDKROOT = iphoneos;
				SWIFT_ACTIVE_COMPILATION_CONDITIONS = DEBUG;
				SWIFT_OPTIMIZATION_LEVEL = "-Onone";
			};
			name = Debug;
		};
		954C71A6263F973E00406103 /* Release */ = {
			isa = XCBuildConfiguration;
			buildSettings = {
				ALWAYS_SEARCH_USER_PATHS = NO;
				CLANG_ANALYZER_NONNULL = YES;
				CLANG_ANALYZER_NUMBER_OBJECT_CONVERSION = YES_AGGRESSIVE;
				CLANG_CXX_LANGUAGE_STANDARD = "gnu++14";
				CLANG_CXX_LIBRARY = "libc++";
				CLANG_ENABLE_MODULES = YES;
				CLANG_ENABLE_OBJC_ARC = YES;
				CLANG_ENABLE_OBJC_WEAK = YES;
				CLANG_WARN_BLOCK_CAPTURE_AUTORELEASING = YES;
				CLANG_WARN_BOOL_CONVERSION = YES;
				CLANG_WARN_COMMA = YES;
				CLANG_WARN_CONSTANT_CONVERSION = YES;
				CLANG_WARN_DEPRECATED_OBJC_IMPLEMENTATIONS = YES;
				CLANG_WARN_DIRECT_OBJC_ISA_USAGE = YES_ERROR;
				CLANG_WARN_DOCUMENTATION_COMMENTS = YES;
				CLANG_WARN_EMPTY_BODY = YES;
				CLANG_WARN_ENUM_CONVERSION = YES;
				CLANG_WARN_INFINITE_RECURSION = YES;
				CLANG_WARN_INT_CONVERSION = YES;
				CLANG_WARN_NON_LITERAL_NULL_CONVERSION = YES;
				CLANG_WARN_OBJC_IMPLICIT_RETAIN_SELF = YES;
				CLANG_WARN_OBJC_LITERAL_CONVERSION = YES;
				CLANG_WARN_OBJC_ROOT_CLASS = YES_ERROR;
				CLANG_WARN_QUOTED_INCLUDE_IN_FRAMEWORK_HEADER = YES;
				CLANG_WARN_RANGE_LOOP_ANALYSIS = YES;
				CLANG_WARN_STRICT_PROTOTYPES = YES;
				CLANG_WARN_SUSPICIOUS_MOVE = YES;
				CLANG_WARN_UNGUARDED_AVAILABILITY = YES_AGGRESSIVE;
				CLANG_WARN_UNREACHABLE_CODE = YES;
				CLANG_WARN__DUPLICATE_METHOD_MATCH = YES;
				COPY_PHASE_STRIP = NO;
				DEBUG_INFORMATION_FORMAT = "dwarf-with-dsym";
				ENABLE_NS_ASSERTIONS = NO;
				ENABLE_STRICT_OBJC_MSGSEND = YES;
				GCC_C_LANGUAGE_STANDARD = gnu11;
				GCC_NO_COMMON_BLOCKS = YES;
				GCC_WARN_64_TO_32_BIT_CONVERSION = YES;
				GCC_WARN_ABOUT_RETURN_TYPE = YES_ERROR;
				GCC_WARN_UNDECLARED_SELECTOR = YES;
				GCC_WARN_UNINITIALIZED_AUTOS = YES_AGGRESSIVE;
				GCC_WARN_UNUSED_FUNCTION = YES;
				GCC_WARN_UNUSED_VARIABLE = YES;
				IPHONEOS_DEPLOYMENT_TARGET = 14.5;
				MTL_ENABLE_DEBUG_INFO = NO;
				MTL_FAST_MATH = YES;
				SDKROOT = iphoneos;
				SWIFT_COMPILATION_MODE = wholemodule;
				SWIFT_OPTIMIZATION_LEVEL = "-O";
				VALIDATE_PRODUCT = YES;
			};
			name = Release;
		};
		954C71A8263F973E00406103 /* Debug */ = {
			isa = XCBuildConfiguration;
			buildSettings = {
				ASSETCATALOG_COMPILER_APPICON_NAME = AppIcon;
				ASSETCATALOG_COMPILER_GLOBAL_ACCENT_COLOR_NAME = AccentColor;
				CLANG_ENABLE_MODULES = YES;
				CODE_SIGN_STYLE = Automatic;
				DEVELOPMENT_TEAM = 399236YMWF;
				INFOPLIST_FILE = "Chapter04-SideBar/Info.plist";
				LD_RUNPATH_SEARCH_PATHS = (
					"$(inherited)",
					"@executable_path/Frameworks",
				);
				PRODUCT_BUNDLE_IDENTIFIER = "kr.test.Chapter04-SideBar";
				PRODUCT_NAME = "$(TARGET_NAME)";
				SWIFT_OBJC_BRIDGING_HEADER = "Chapter04-SideBar/Bridging-Header.h";
				SWIFT_OPTIMIZATION_LEVEL = "-Onone";
				SWIFT_VERSION = 5.0;
				TARGETED_DEVICE_FAMILY = "1,2";
			};
			name = Debug;
		};
		954C71A9263F973E00406103 /* Release */ = {
			isa = XCBuildConfiguration;
			buildSettings = {
				ASSETCATALOG_COMPILER_APPICON_NAME = AppIcon;
				ASSETCATALOG_COMPILER_GLOBAL_ACCENT_COLOR_NAME = AccentColor;
				CLANG_ENABLE_MODULES = YES;
				CODE_SIGN_STYLE = Automatic;
				DEVELOPMENT_TEAM = 399236YMWF;
				INFOPLIST_FILE = "Chapter04-SideBar/Info.plist";
				LD_RUNPATH_SEARCH_PATHS = (
					"$(inherited)",
					"@executable_path/Frameworks",
				);
				PRODUCT_BUNDLE_IDENTIFIER = "kr.test.Chapter04-SideBar";
				PRODUCT_NAME = "$(TARGET_NAME)";
				SWIFT_OBJC_BRIDGING_HEADER = "Chapter04-SideBar/Bridging-Header.h";
				SWIFT_VERSION = 5.0;
				TARGETED_DEVICE_FAMILY = "1,2";
			};
			name = Release;
		};
/* End XCBuildConfiguration section */

/* Begin XCConfigurationList section */
		954C718E263F973700406103 /* Build configuration list for PBXProject "Chapter04-SideBar" */ = {
			isa = XCConfigurationList;
			buildConfigurations = (
				954C71A5263F973E00406103 /* Debug */,
				954C71A6263F973E00406103 /* Release */,
			);
			defaultConfigurationIsVisible = 0;
			defaultConfigurationName = Release;
		};
		954C71A7263F973E00406103 /* Build configuration list for PBXNativeTarget "Chapter04-SideBar" */ = {
			isa = XCConfigurationList;
			buildConfigurations = (
				954C71A8263F973E00406103 /* Debug */,
				954C71A9263F973E00406103 /* Release */,
			);
			defaultConfigurationIsVisible = 0;
			defaultConfigurationName = Release;
		};
/* End XCConfigurationList section */
	};
	rootObject = 954C718B263F973700406103 /* Project object */;
}
